PODS:
  - CVCalendar (1.4.0)
  - DropdownMenu (1.0.0)

DEPENDENCIES:
  - CVCalendar
  - DropdownMenu

SPEC CHECKSUMS:
  CVCalendar: ec1a06a508f99d8e5067258754f811a8a1433a3f
  DropdownMenu: 5777e17ac6ddbc69b151719b83a838da81440786

PODFILE CHECKSUM: 64ee815c054fce3c61d6fd70c8491cb6b13009e9

COCOAPODS: 1.1.1
